// !$*UTF8*$!
{
	archiveVersion = 1;
	classes = {
	};
	objectVersion = 46;
	objects = {

/* Begin PBXBuildFile section */
		884C8D911CE66E2600448E70 /* AppDelegate.swift in Sources */ = {isa = PBXBuildFile; fileRef = 884C8D901CE66E2600448E70 /* AppDelegate.swift */; };
		884C8D931CE66E2600448E70 /* MasterViewController.swift in Sources */ = {isa = PBXBuildFile; fileRef = 884C8D921CE66E2600448E70 /* MasterViewController.swift */; };
		884C8D951CE66E2600448E70 /* DetailViewController.swift in Sources */ = {isa = PBXBuildFile; fileRef = 884C8D941CE66E2600448E70 /* DetailViewController.swift */; };
		884C8D981CE66E2600448E70 /* Main.storyboard in Resources */ = {isa = PBXBuildFile; fileRef = 884C8D961CE66E2600448E70 /* Main.storyboard */; };
		884C8D9A1CE66E2600448E70 /* Assets.xcassets in Resources */ = {isa = PBXBuildFile; fileRef = 884C8D991CE66E2600448E70 /* Assets.xcassets */; };
		884C8D9D1CE66E2600448E70 /* LaunchScreen.storyboard in Resources */ = {isa = PBXBuildFile; fileRef = 884C8D9B1CE66E2600448E70 /* LaunchScreen.storyboard */; };
		884C8DA81CE66E2600448E70 /* platoon_iosTests.swift in Sources */ = {isa = PBXBuildFile; fileRef = 884C8DA71CE66E2600448E70 /* platoon_iosTests.swift */; };
		884C8DB31CE66E2600448E70 /* platoon_iosUITests.swift in Sources */ = {isa = PBXBuildFile; fileRef = 884C8DB21CE66E2600448E70 /* platoon_iosUITests.swift */; };
		88BB34791CF49EB300D47A1C /* GetStartedViewController.swift in Sources */ = {isa = PBXBuildFile; fileRef = 88BB34781CF49EB300D47A1C /* GetStartedViewController.swift */; };
		88BB347B1CF4A78200D47A1C /* Cartography.framework in Frameworks */ = {isa = PBXBuildFile; fileRef = 88BB347A1CF4A78200D47A1C /* Cartography.framework */; };
		88BB347E1CF4A7FF00D47A1C /* Cartography.framework in CopyFiles */ = {isa = PBXBuildFile; fileRef = 88BB347A1CF4A78200D47A1C /* Cartography.framework */; settings = {ATTRIBUTES = (CodeSignOnCopy, RemoveHeadersOnCopy, ); }; };
		88BB34801CF4B1BA00D47A1C /* AppearanceManager.swift in Sources */ = {isa = PBXBuildFile; fileRef = 88BB347F1CF4B1BA00D47A1C /* AppearanceManager.swift */; };
		88BB34821CF4CD1D00D47A1C /* CreateAccountViewController.swift in Sources */ = {isa = PBXBuildFile; fileRef = 88BB34811CF4CD1D00D47A1C /* CreateAccountViewController.swift */; };
		88BB34841CF4D74A00D47A1C /* ValidationViewController.swift in Sources */ = {isa = PBXBuildFile; fileRef = 88BB34831CF4D74A00D47A1C /* ValidationViewController.swift */; };
		88BB34861CF4D77000D47A1C /* PhoneTextField.swift in Sources */ = {isa = PBXBuildFile; fileRef = 88BB34851CF4D77000D47A1C /* PhoneTextField.swift */; };
		88BB348A1CF4E7C300D47A1C /* DetailsViewController.swift in Sources */ = {isa = PBXBuildFile; fileRef = 88BB34891CF4E7C300D47A1C /* DetailsViewController.swift */; };
		88BB348C1CF4F15600D47A1C /* BankInformationViewController.swift in Sources */ = {isa = PBXBuildFile; fileRef = 88BB348B1CF4F15500D47A1C /* BankInformationViewController.swift */; };
		88BB348E1CF4F8CE00D47A1C /* ThankYouViewController.swift in Sources */ = {isa = PBXBuildFile; fileRef = 88BB348D1CF4F8CE00D47A1C /* ThankYouViewController.swift */; };
/* End PBXBuildFile section */

/* Begin PBXContainerItemProxy section */
		884C8DA41CE66E2600448E70 /* PBXContainerItemProxy */ = {
			isa = PBXContainerItemProxy;
			containerPortal = 884C8D851CE66E2500448E70 /* Project object */;
			proxyType = 1;
			remoteGlobalIDString = 884C8D8C1CE66E2500448E70;
			remoteInfo = "platoon-ios";
		};
		884C8DAF1CE66E2600448E70 /* PBXContainerItemProxy */ = {
			isa = PBXContainerItemProxy;
			containerPortal = 884C8D851CE66E2500448E70 /* Project object */;
			proxyType = 1;
			remoteGlobalIDString = 884C8D8C1CE66E2500448E70;
			remoteInfo = "platoon-ios";
		};
/* End PBXContainerItemProxy section */

/* Begin PBXCopyFilesBuildPhase section */
		88BB347D1CF4A7E700D47A1C /* CopyFiles */ = {
			isa = PBXCopyFilesBuildPhase;
			buildActionMask = 2147483647;
			dstPath = "";
			dstSubfolderSpec = 10;
			files = (
				88BB347E1CF4A7FF00D47A1C /* Cartography.framework in CopyFiles */,
			);
			runOnlyForDeploymentPostprocessing = 0;
		};
/* End PBXCopyFilesBuildPhase section */

/* Begin PBXFileReference section */
		884C8D8D1CE66E2600448E70 /* platoon-ios.app */ = {isa = PBXFileReference; explicitFileType = wrapper.application; includeInIndex = 0; path = "platoon-ios.app"; sourceTree = BUILT_PRODUCTS_DIR; };
		884C8D901CE66E2600448E70 /* AppDelegate.swift */ = {isa = PBXFileReference; lastKnownFileType = sourcecode.swift; path = AppDelegate.swift; sourceTree = "<group>"; };
		884C8D921CE66E2600448E70 /* MasterViewController.swift */ = {isa = PBXFileReference; lastKnownFileType = sourcecode.swift; path = MasterViewController.swift; sourceTree = "<group>"; };
		884C8D941CE66E2600448E70 /* DetailViewController.swift */ = {isa = PBXFileReference; lastKnownFileType = sourcecode.swift; path = DetailViewController.swift; sourceTree = "<group>"; };
		884C8D971CE66E2600448E70 /* Base */ = {isa = PBXFileReference; lastKnownFileType = file.storyboard; name = Base; path = Base.lproj/Main.storyboard; sourceTree = "<group>"; };
		884C8D991CE66E2600448E70 /* Assets.xcassets */ = {isa = PBXFileReference; lastKnownFileType = folder.assetcatalog; path = Assets.xcassets; sourceTree = "<group>"; };
		884C8D9C1CE66E2600448E70 /* Base */ = {isa = PBXFileReference; lastKnownFileType = file.storyboard; name = Base; path = Base.lproj/LaunchScreen.storyboard; sourceTree = "<group>"; };
		884C8D9E1CE66E2600448E70 /* Info.plist */ = {isa = PBXFileReference; lastKnownFileType = text.plist.xml; path = Info.plist; sourceTree = "<group>"; };
		884C8DA31CE66E2600448E70 /* platoon-iosTests.xctest */ = {isa = PBXFileReference; explicitFileType = wrapper.cfbundle; includeInIndex = 0; path = "platoon-iosTests.xctest"; sourceTree = BUILT_PRODUCTS_DIR; };
		884C8DA71CE66E2600448E70 /* platoon_iosTests.swift */ = {isa = PBXFileReference; lastKnownFileType = sourcecode.swift; path = platoon_iosTests.swift; sourceTree = "<group>"; };
		884C8DA91CE66E2600448E70 /* Info.plist */ = {isa = PBXFileReference; lastKnownFileType = text.plist.xml; path = Info.plist; sourceTree = "<group>"; };
		884C8DAE1CE66E2600448E70 /* platoon-iosUITests.xctest */ = {isa = PBXFileReference; explicitFileType = wrapper.cfbundle; includeInIndex = 0; path = "platoon-iosUITests.xctest"; sourceTree = BUILT_PRODUCTS_DIR; };
		884C8DB21CE66E2600448E70 /* platoon_iosUITests.swift */ = {isa = PBXFileReference; lastKnownFileType = sourcecode.swift; path = platoon_iosUITests.swift; sourceTree = "<group>"; };
		884C8DB41CE66E2600448E70 /* Info.plist */ = {isa = PBXFileReference; lastKnownFileType = text.plist.xml; path = Info.plist; sourceTree = "<group>"; };
		88BB34781CF49EB300D47A1C /* GetStartedViewController.swift */ = {isa = PBXFileReference; fileEncoding = 4; lastKnownFileType = sourcecode.swift; path = GetStartedViewController.swift; sourceTree = "<group>"; };
		88BB347A1CF4A78200D47A1C /* Cartography.framework */ = {isa = PBXFileReference; lastKnownFileType = wrapper.framework; name = Cartography.framework; path = Carthage/Build/iOS/Cartography.framework; sourceTree = "<group>"; };
		88BB347F1CF4B1BA00D47A1C /* AppearanceManager.swift */ = {isa = PBXFileReference; fileEncoding = 4; lastKnownFileType = sourcecode.swift; path = AppearanceManager.swift; sourceTree = "<group>"; };
		88BB34811CF4CD1D00D47A1C /* CreateAccountViewController.swift */ = {isa = PBXFileReference; fileEncoding = 4; lastKnownFileType = sourcecode.swift; path = CreateAccountViewController.swift; sourceTree = "<group>"; };
		88BB34831CF4D74A00D47A1C /* ValidationViewController.swift */ = {isa = PBXFileReference; fileEncoding = 4; lastKnownFileType = sourcecode.swift; path = ValidationViewController.swift; sourceTree = "<group>"; };
		88BB34851CF4D77000D47A1C /* PhoneTextField.swift */ = {isa = PBXFileReference; fileEncoding = 4; lastKnownFileType = sourcecode.swift; path = PhoneTextField.swift; sourceTree = "<group>"; };
		88BB34891CF4E7C300D47A1C /* DetailsViewController.swift */ = {isa = PBXFileReference; fileEncoding = 4; lastKnownFileType = sourcecode.swift; path = DetailsViewController.swift; sourceTree = "<group>"; };
		88BB348B1CF4F15500D47A1C /* BankInformationViewController.swift */ = {isa = PBXFileReference; fileEncoding = 4; lastKnownFileType = sourcecode.swift; path = BankInformationViewController.swift; sourceTree = "<group>"; };
		88BB348D1CF4F8CE00D47A1C /* ThankYouViewController.swift */ = {isa = PBXFileReference; fileEncoding = 4; lastKnownFileType = sourcecode.swift; path = ThankYouViewController.swift; sourceTree = "<group>"; };
/* End PBXFileReference section */

/* Begin PBXFrameworksBuildPhase section */
		884C8D8A1CE66E2500448E70 /* Frameworks */ = {
			isa = PBXFrameworksBuildPhase;
			buildActionMask = 2147483647;
			files = (
				88BB347B1CF4A78200D47A1C /* Cartography.framework in Frameworks */,
			);
			runOnlyForDeploymentPostprocessing = 0;
		};
		884C8DA01CE66E2600448E70 /* Frameworks */ = {
			isa = PBXFrameworksBuildPhase;
			buildActionMask = 2147483647;
			files = (
			);
			runOnlyForDeploymentPostprocessing = 0;
		};
		884C8DAB1CE66E2600448E70 /* Frameworks */ = {
			isa = PBXFrameworksBuildPhase;
			buildActionMask = 2147483647;
			files = (
			);
			runOnlyForDeploymentPostprocessing = 0;
		};
/* End PBXFrameworksBuildPhase section */

/* Begin PBXGroup section */
		884C8D841CE66E2500448E70 = {
			isa = PBXGroup;
			children = (
				884C8D8F1CE66E2600448E70 /* platoon-ios */,
				88BB347C1CF4A79D00D47A1C /* Frameworks */,
				884C8DA61CE66E2600448E70 /* platoon-iosTests */,
				884C8DB11CE66E2600448E70 /* platoon-iosUITests */,
				884C8D8E1CE66E2600448E70 /* Products */,
			);
			sourceTree = "<group>";
		};
		884C8D8E1CE66E2600448E70 /* Products */ = {
			isa = PBXGroup;
			children = (
				884C8D8D1CE66E2600448E70 /* platoon-ios.app */,
				884C8DA31CE66E2600448E70 /* platoon-iosTests.xctest */,
				884C8DAE1CE66E2600448E70 /* platoon-iosUITests.xctest */,
			);
			name = Products;
			sourceTree = "<group>";
		};
		884C8D8F1CE66E2600448E70 /* platoon-ios */ = {
			isa = PBXGroup;
			children = (
				884C8D901CE66E2600448E70 /* AppDelegate.swift */,
				884C8D961CE66E2600448E70 /* Main.storyboard */,
				884C8D9B1CE66E2600448E70 /* LaunchScreen.storyboard */,
				88BB347F1CF4B1BA00D47A1C /* AppearanceManager.swift */,
				88BB34851CF4D77000D47A1C /* PhoneTextField.swift */,
				88BB34771CF49E5E00D47A1C /* ViewControllers */,
				884C8D991CE66E2600448E70 /* Assets.xcassets */,
				884C8D9E1CE66E2600448E70 /* Info.plist */,
			);
			path = "platoon-ios";
			sourceTree = "<group>";
		};
		884C8DA61CE66E2600448E70 /* platoon-iosTests */ = {
			isa = PBXGroup;
			children = (
				884C8DA71CE66E2600448E70 /* platoon_iosTests.swift */,
				884C8DA91CE66E2600448E70 /* Info.plist */,
			);
			path = "platoon-iosTests";
			sourceTree = "<group>";
		};
		884C8DB11CE66E2600448E70 /* platoon-iosUITests */ = {
			isa = PBXGroup;
			children = (
				884C8DB21CE66E2600448E70 /* platoon_iosUITests.swift */,
				884C8DB41CE66E2600448E70 /* Info.plist */,
			);
			path = "platoon-iosUITests";
			sourceTree = "<group>";
		};
		88BB34771CF49E5E00D47A1C /* ViewControllers */ = {
			isa = PBXGroup;
			children = (
				884C8D921CE66E2600448E70 /* MasterViewController.swift */,
				884C8D941CE66E2600448E70 /* DetailViewController.swift */,
				88BB34781CF49EB300D47A1C /* GetStartedViewController.swift */,
				88BB34811CF4CD1D00D47A1C /* CreateAccountViewController.swift */,
				88BB34831CF4D74A00D47A1C /* ValidationViewController.swift */,
				88BB34891CF4E7C300D47A1C /* DetailsViewController.swift */,
				88BB348B1CF4F15500D47A1C /* BankInformationViewController.swift */,
				88BB348D1CF4F8CE00D47A1C /* ThankYouViewController.swift */,
			);
			name = ViewControllers;
			sourceTree = "<group>";
		};
		88BB347C1CF4A79D00D47A1C /* Frameworks */ = {
			isa = PBXGroup;
			children = (
				88BB347A1CF4A78200D47A1C /* Cartography.framework */,
			);
			name = Frameworks;
			sourceTree = "<group>";
		};
/* End PBXGroup section */

/* Begin PBXNativeTarget section */
		884C8D8C1CE66E2500448E70 /* platoon-ios */ = {
			isa = PBXNativeTarget;
			buildConfigurationList = 884C8DB71CE66E2600448E70 /* Build configuration list for PBXNativeTarget "platoon-ios" */;
			buildPhases = (
				884C8D891CE66E2500448E70 /* Sources */,
				884C8D8A1CE66E2500448E70 /* Frameworks */,
				884C8D8B1CE66E2500448E70 /* Resources */,
				88BB347D1CF4A7E700D47A1C /* CopyFiles */,
			);
			buildRules = (
			);
			dependencies = (
			);
			name = "platoon-ios";
			productName = "platoon-ios";
			productReference = 884C8D8D1CE66E2600448E70 /* platoon-ios.app */;
			productType = "com.apple.product-type.application";
		};
		884C8DA21CE66E2600448E70 /* platoon-iosTests */ = {
			isa = PBXNativeTarget;
			buildConfigurationList = 884C8DBA1CE66E2600448E70 /* Build configuration list for PBXNativeTarget "platoon-iosTests" */;
			buildPhases = (
				884C8D9F1CE66E2600448E70 /* Sources */,
				884C8DA01CE66E2600448E70 /* Frameworks */,
				884C8DA11CE66E2600448E70 /* Resources */,
			);
			buildRules = (
			);
			dependencies = (
				884C8DA51CE66E2600448E70 /* PBXTargetDependency */,
			);
			name = "platoon-iosTests";
			productName = "platoon-iosTests";
			productReference = 884C8DA31CE66E2600448E70 /* platoon-iosTests.xctest */;
			productType = "com.apple.product-type.bundle.unit-test";
		};
		884C8DAD1CE66E2600448E70 /* platoon-iosUITests */ = {
			isa = PBXNativeTarget;
			buildConfigurationList = 884C8DBD1CE66E2600448E70 /* Build configuration list for PBXNativeTarget "platoon-iosUITests" */;
			buildPhases = (
				884C8DAA1CE66E2600448E70 /* Sources */,
				884C8DAB1CE66E2600448E70 /* Frameworks */,
				884C8DAC1CE66E2600448E70 /* Resources */,
			);
			buildRules = (
			);
			dependencies = (
				884C8DB01CE66E2600448E70 /* PBXTargetDependency */,
			);
			name = "platoon-iosUITests";
			productName = "platoon-iosUITests";
			productReference = 884C8DAE1CE66E2600448E70 /* platoon-iosUITests.xctest */;
			productType = "com.apple.product-type.bundle.ui-testing";
		};
/* End PBXNativeTarget section */

/* Begin PBXProject section */
		884C8D851CE66E2500448E70 /* Project object */ = {
			isa = PBXProject;
			attributes = {
				LastSwiftUpdateCheck = 0730;
				LastUpgradeCheck = 0730;
				ORGANIZATIONNAME = Platoon;
				TargetAttributes = {
					884C8D8C1CE66E2500448E70 = {
						CreatedOnToolsVersion = 7.3.1;
					};
					884C8DA21CE66E2600448E70 = {
						CreatedOnToolsVersion = 7.3.1;
						TestTargetID = 884C8D8C1CE66E2500448E70;
					};
					884C8DAD1CE66E2600448E70 = {
						CreatedOnToolsVersion = 7.3.1;
						TestTargetID = 884C8D8C1CE66E2500448E70;
					};
				};
			};
			buildConfigurationList = 884C8D881CE66E2500448E70 /* Build configuration list for PBXProject "platoon-ios" */;
			compatibilityVersion = "Xcode 3.2";
			developmentRegion = English;
			hasScannedForEncodings = 0;
			knownRegions = (
				en,
				Base,
			);
			mainGroup = 884C8D841CE66E2500448E70;
			productRefGroup = 884C8D8E1CE66E2600448E70 /* Products */;
			projectDirPath = "";
			projectRoot = "";
			targets = (
				884C8D8C1CE66E2500448E70 /* platoon-ios */,
				884C8DA21CE66E2600448E70 /* platoon-iosTests */,
				884C8DAD1CE66E2600448E70 /* platoon-iosUITests */,
			);
		};
/* End PBXProject section */

/* Begin PBXResourcesBuildPhase section */
		884C8D8B1CE66E2500448E70 /* Resources */ = {
			isa = PBXResourcesBuildPhase;
			buildActionMask = 2147483647;
			files = (
				884C8D9D1CE66E2600448E70 /* LaunchScreen.storyboard in Resources */,
				884C8D9A1CE66E2600448E70 /* Assets.xcassets in Resources */,
				884C8D981CE66E2600448E70 /* Main.storyboard in Resources */,
			);
			runOnlyForDeploymentPostprocessing = 0;
		};
		884C8DA11CE66E2600448E70 /* Resources */ = {
			isa = PBXResourcesBuildPhase;
			buildActionMask = 2147483647;
			files = (
			);
			runOnlyForDeploymentPostprocessing = 0;
		};
		884C8DAC1CE66E2600448E70 /* Resources */ = {
			isa = PBXResourcesBuildPhase;
			buildActionMask = 2147483647;
			files = (
			);
			runOnlyForDeploymentPostprocessing = 0;
		};
/* End PBXResourcesBuildPhase section */

/* Begin PBXSourcesBuildPhase section */
		884C8D891CE66E2500448E70 /* Sources */ = {
			isa = PBXSourcesBuildPhase;
			buildActionMask = 2147483647;
			files = (
				88BB34821CF4CD1D00D47A1C /* CreateAccountViewController.swift in Sources */,
				88BB348C1CF4F15600D47A1C /* BankInformationViewController.swift in Sources */,
				884C8D951CE66E2600448E70 /* DetailViewController.swift in Sources */,
				88BB348A1CF4E7C300D47A1C /* DetailsViewController.swift in Sources */,
				88BB34861CF4D77000D47A1C /* PhoneTextField.swift in Sources */,
				884C8D931CE66E2600448E70 /* MasterViewController.swift in Sources */,
				88BB34841CF4D74A00D47A1C /* ValidationViewController.swift in Sources */,
				884C8D911CE66E2600448E70 /* AppDelegate.swift in Sources */,
				88BB34791CF49EB300D47A1C /* GetStartedViewController.swift in Sources */,
				88BB34801CF4B1BA00D47A1C /* AppearanceManager.swift in Sources */,
				88BB348E1CF4F8CE00D47A1C /* ThankYouViewController.swift in Sources */,
			);
			runOnlyForDeploymentPostprocessing = 0;
		};
		884C8D9F1CE66E2600448E70 /* Sources */ = {
			isa = PBXSourcesBuildPhase;
			buildActionMask = 2147483647;
			files = (
				884C8DA81CE66E2600448E70 /* platoon_iosTests.swift in Sources */,
			);
			runOnlyForDeploymentPostprocessing = 0;
		};
		884C8DAA1CE66E2600448E70 /* Sources */ = {
			isa = PBXSourcesBuildPhase;
			buildActionMask = 2147483647;
			files = (
				884C8DB31CE66E2600448E70 /* platoon_iosUITests.swift in Sources */,
			);
			runOnlyForDeploymentPostprocessing = 0;
		};
/* End PBXSourcesBuildPhase section */

/* Begin PBXTargetDependency section */
		884C8DA51CE66E2600448E70 /* PBXTargetDependency */ = {
			isa = PBXTargetDependency;
			target = 884C8D8C1CE66E2500448E70 /* platoon-ios */;
			targetProxy = 884C8DA41CE66E2600448E70 /* PBXContainerItemProxy */;
		};
		884C8DB01CE66E2600448E70 /* PBXTargetDependency */ = {
			isa = PBXTargetDependency;
			target = 884C8D8C1CE66E2500448E70 /* platoon-ios */;
			targetProxy = 884C8DAF1CE66E2600448E70 /* PBXContainerItemProxy */;
		};
/* End PBXTargetDependency section */

/* Begin PBXVariantGroup section */
		884C8D961CE66E2600448E70 /* Main.storyboard */ = {
			isa = PBXVariantGroup;
			children = (
				884C8D971CE66E2600448E70 /* Base */,
			);
			name = Main.storyboard;
			sourceTree = "<group>";
		};
		884C8D9B1CE66E2600448E70 /* LaunchScreen.storyboard */ = {
			isa = PBXVariantGroup;
			children = (
				884C8D9C1CE66E2600448E70 /* Base */,
			);
			name = LaunchScreen.storyboard;
			sourceTree = "<group>";
		};
/* End PBXVariantGroup section */

/* Begin XCBuildConfiguration section */
		884C8DB51CE66E2600448E70 /* Debug */ = {
			isa = XCBuildConfiguration;
			buildSettings = {
				ALWAYS_SEARCH_USER_PATHS = NO;
				CLANG_ANALYZER_NONNULL = YES;
				CLANG_CXX_LANGUAGE_STANDARD = "gnu++0x";
				CLANG_CXX_LIBRARY = "libc++";
				CLANG_ENABLE_MODULES = YES;
				CLANG_ENABLE_OBJC_ARC = YES;
				CLANG_WARN_BOOL_CONVERSION = YES;
				CLANG_WARN_CONSTANT_CONVERSION = YES;
				CLANG_WARN_DIRECT_OBJC_ISA_USAGE = YES_ERROR;
				CLANG_WARN_EMPTY_BODY = YES;
				CLANG_WARN_ENUM_CONVERSION = YES;
				CLANG_WARN_INT_CONVERSION = YES;
				CLANG_WARN_OBJC_ROOT_CLASS = YES_ERROR;
				CLANG_WARN_UNREACHABLE_CODE = YES;
				CLANG_WARN__DUPLICATE_METHOD_MATCH = YES;
				"CODE_SIGN_IDENTITY[sdk=iphoneos*]" = "iPhone Developer";
				COPY_PHASE_STRIP = NO;
				DEBUG_INFORMATION_FORMAT = dwarf;
				ENABLE_STRICT_OBJC_MSGSEND = YES;
				ENABLE_TESTABILITY = YES;
				GCC_C_LANGUAGE_STANDARD = gnu99;
				GCC_DYNAMIC_NO_PIC = NO;
				GCC_NO_COMMON_BLOCKS = YES;
				GCC_OPTIMIZATION_LEVEL = 0;
				GCC_PREPROCESSOR_DEFINITIONS = (
					"DEBUG=1",
					"$(inherited)",
				);
				GCC_WARN_64_TO_32_BIT_CONVERSION = YES;
				GCC_WARN_ABOUT_RETURN_TYPE = YES_ERROR;
				GCC_WARN_UNDECLARED_SELECTOR = YES;
				GCC_WARN_UNINITIALIZED_AUTOS = YES_AGGRESSIVE;
				GCC_WARN_UNUSED_FUNCTION = YES;
				GCC_WARN_UNUSED_VARIABLE = YES;
				IPHONEOS_DEPLOYMENT_TARGET = 9.3;
				MTL_ENABLE_DEBUG_INFO = YES;
				ONLY_ACTIVE_ARCH = YES;
				SDKROOT = iphoneos;
				SWIFT_OPTIMIZATION_LEVEL = "-Onone";
				TARGETED_DEVICE_FAMILY = "1,2";
			};
			name = Debug;
		};
		884C8DB61CE66E2600448E70 /* Release */ = {
			isa = XCBuildConfiguration;
			buildSettings = {
				ALWAYS_SEARCH_USER_PATHS = NO;
				CLANG_ANALYZER_NONNULL = YES;
				CLANG_CXX_LANGUAGE_STANDARD = "gnu++0x";
				CLANG_CXX_LIBRARY = "libc++";
				CLANG_ENABLE_MODULES = YES;
				CLANG_ENABLE_OBJC_ARC = YES;
				CLANG_WARN_BOOL_CONVERSION = YES;
				CLANG_WARN_CONSTANT_CONVERSION = YES;
				CLANG_WARN_DIRECT_OBJC_ISA_USAGE = YES_ERROR;
				CLANG_WARN_EMPTY_BODY = YES;
				CLANG_WARN_ENUM_CONVERSION = YES;
				CLANG_WARN_INT_CONVERSION = YES;
				CLANG_WARN_OBJC_ROOT_CLASS = YES_ERROR;
				CLANG_WARN_UNREACHABLE_CODE = YES;
				CLANG_WARN__DUPLICATE_METHOD_MATCH = YES;
				"CODE_SIGN_IDENTITY[sdk=iphoneos*]" = "iPhone Developer";
				COPY_PHASE_STRIP = NO;
				DEBUG_INFORMATION_FORMAT = "dwarf-with-dsym";
				ENABLE_NS_ASSERTIONS = NO;
				ENABLE_STRICT_OBJC_MSGSEND = YES;
				GCC_C_LANGUAGE_STANDARD = gnu99;
				GCC_NO_COMMON_BLOCKS = YES;
				GCC_WARN_64_TO_32_BIT_CONVERSION = YES;
				GCC_WARN_ABOUT_RETURN_TYPE = YES_ERROR;
				GCC_WARN_UNDECLARED_SELECTOR = YES;
				GCC_WARN_UNINITIALIZED_AUTOS = YES_AGGRESSIVE;
				GCC_WARN_UNUSED_FUNCTION = YES;
				GCC_WARN_UNUSED_VARIABLE = YES;
				IPHONEOS_DEPLOYMENT_TARGET = 9.3;
				MTL_ENABLE_DEBUG_INFO = NO;
				SDKROOT = iphoneos;
				TARGETED_DEVICE_FAMILY = "1,2";
				VALIDATE_PRODUCT = YES;
			};
			name = Release;
		};
		884C8DB81CE66E2600448E70 /* Debug */ = {
			isa = XCBuildConfiguration;
			buildSettings = {
				ASSETCATALOG_COMPILER_APPICON_NAME = AppIcon;
				FRAMEWORK_SEARCH_PATHS = (
					"$(inherited)",
					"$(PROJECT_DIR)/Carthage/Build/iOS",
				);
				INFOPLIST_FILE = "platoon-ios/Info.plist";
				LD_RUNPATH_SEARCH_PATHS = "$(inherited) @executable_path/Frameworks";
				PRODUCT_BUNDLE_IDENTIFIER = "platoon.platoon-ios";
				PRODUCT_NAME = "$(TARGET_NAME)";
			};
			name = Debug;
		};
		884C8DB91CE66E2600448E70 /* Release */ = {
			isa = XCBuildConfiguration;
			buildSettings = {
				ASSETCATALOG_COMPILER_APPICON_NAME = AppIcon;
				FRAMEWORK_SEARCH_PATHS = (
					"$(inherited)",
					"$(PROJECT_DIR)/Carthage/Build/iOS",
				);
				INFOPLIST_FILE = "platoon-ios/Info.plist";
				LD_RUNPATH_SEARCH_PATHS = "$(inherited) @executable_path/Frameworks";
				PRODUCT_BUNDLE_IDENTIFIER = "platoon.platoon-ios";
				PRODUCT_NAME = "$(TARGET_NAME)";
			};
			name = Release;
		};
		884C8DBB1CE66E2600448E70 /* Debug */ = {
			isa = XCBuildConfiguration;
			buildSettings = {
				BUNDLE_LOADER = "$(TEST_HOST)";
				INFOPLIST_FILE = "platoon-iosTests/Info.plist";
				LD_RUNPATH_SEARCH_PATHS = "$(inherited) @executable_path/Frameworks @loader_path/Frameworks";
				PRODUCT_BUNDLE_IDENTIFIER = "platoon.platoon-iosTests";
				PRODUCT_NAME = "$(TARGET_NAME)";
				TEST_HOST = "$(BUILT_PRODUCTS_DIR)/platoon-ios.app/platoon-ios";
			};
			name = Debug;
		};
		884C8DBC1CE66E2600448E70 /* Release */ = {
			isa = XCBuildConfiguration;
			buildSettings = {
				BUNDLE_LOADER = "$(TEST_HOST)";
				INFOPLIST_FILE = "platoon-iosTests/Info.plist";
				LD_RUNPATH_SEARCH_PATHS = "$(inherited) @executable_path/Frameworks @loader_path/Frameworks";
				PRODUCT_BUNDLE_IDENTIFIER = "platoon.platoon-iosTests";
				PRODUCT_NAME = "$(TARGET_NAME)";
				TEST_HOST = "$(BUILT_PRODUCTS_DIR)/platoon-ios.app/platoon-ios";
			};
			name = Release;
		};
		884C8DBE1CE66E2600448E70 /* Debug */ = {
			isa = XCBuildConfiguration;
			buildSettings = {
				INFOPLIST_FILE = "platoon-iosUITests/Info.plist";
				LD_RUNPATH_SEARCH_PATHS = "$(inherited) @executable_path/Frameworks @loader_path/Frameworks";
				PRODUCT_BUNDLE_IDENTIFIER = "platoon.platoon-iosUITests";
				PRODUCT_NAME = "$(TARGET_NAME)";
				TEST_TARGET_NAME = "platoon-ios";
			};
			name = Debug;
		};
		884C8DBF1CE66E2600448E70 /* Release */ = {
			isa = XCBuildConfiguration;
			buildSettings = {
				INFOPLIST_FILE = "platoon-iosUITests/Info.plist";
				LD_RUNPATH_SEARCH_PATHS = "$(inherited) @executable_path/Frameworks @loader_path/Frameworks";
				PRODUCT_BUNDLE_IDENTIFIER = "platoon.platoon-iosUITests";
				PRODUCT_NAME = "$(TARGET_NAME)";
				TEST_TARGET_NAME = "platoon-ios";
			};
			name = Release;
		};
/* End XCBuildConfiguration section */

/* Begin XCConfigurationList section */
		884C8D881CE66E2500448E70 /* Build configuration list for PBXProject "platoon-ios" */ = {
			isa = XCConfigurationList;
			buildConfigurations = (
				884C8DB51CE66E2600448E70 /* Debug */,
				884C8DB61CE66E2600448E70 /* Release */,
			);
			defaultConfigurationIsVisible = 0;
			defaultConfigurationName = Release;
		};
		884C8DB71CE66E2600448E70 /* Build configuration list for PBXNativeTarget "platoon-ios" */ = {
			isa = XCConfigurationList;
			buildConfigurations = (
				884C8DB81CE66E2600448E70 /* Debug */,
				884C8DB91CE66E2600448E70 /* Release */,
			);
			defaultConfigurationIsVisible = 0;
			defaultConfigurationName = Release;
		};
		884C8DBA1CE66E2600448E70 /* Build configuration list for PBXNativeTarget "platoon-iosTests" */ = {
			isa = XCConfigurationList;
			buildConfigurations = (
				884C8DBB1CE66E2600448E70 /* Debug */,
				884C8DBC1CE66E2600448E70 /* Release */,
			);
			defaultConfigurationIsVisible = 0;
			defaultConfigurationName = Release;
		};
		884C8DBD1CE66E2600448E70 /* Build configuration list for PBXNativeTarget "platoon-iosUITests" */ = {
			isa = XCConfigurationList;
			buildConfigurations = (
				884C8DBE1CE66E2600448E70 /* Debug */,
				884C8DBF1CE66E2600448E70 /* Release */,
			);
			defaultConfigurationIsVisible = 0;
			defaultConfigurationName = Release;
		};
/* End XCConfigurationList section */
	};
	rootObject = 884C8D851CE66E2500448E70 /* Project object */;
}
