// !$*UTF8*$!
{
	archiveVersion = 1;
	classes = {
	};
	objectVersion = 46;
	objects = {

/* Begin PBXBuildFile section */
		884C8D911CE66E2600448E70 /* AppDelegate.swift in Sources */ = {isa = PBXBuildFile; fileRef = 884C8D901CE66E2600448E70 /* AppDelegate.swift */; };
		884C8D931CE66E2600448E70 /* MasterViewController.swift in Sources */ = {isa = PBXBuildFile; fileRef = 884C8D921CE66E2600448E70 /* MasterViewController.swift */; };
		884C8D951CE66E2600448E70 /* DetailViewController.swift in Sources */ = {isa = PBXBuildFile; fileRef = 884C8D941CE66E2600448E70 /* DetailViewController.swift */; };
		884C8D981CE66E2600448E70 /* Main.storyboard in Resources */ = {isa = PBXBuildFile; fileRef = 884C8D961CE66E2600448E70 /* Main.storyboard */; };
		884C8D9A1CE66E2600448E70 /* Assets.xcassets in Resources */ = {isa = PBXBuildFile; fileRef = 884C8D991CE66E2600448E70 /* Assets.xcassets */; };
		884C8D9D1CE66E2600448E70 /* LaunchScreen.storyboard in Resources */ = {isa = PBXBuildFile; fileRef = 884C8D9B1CE66E2600448E70 /* LaunchScreen.storyboard */; };
		884C8DA81CE66E2600448E70 /* platoon_iosTests.swift in Sources */ = {isa = PBXBuildFile; fileRef = 884C8DA71CE66E2600448E70 /* platoon_iosTests.swift */; };
		884C8DB31CE66E2600448E70 /* platoon_iosUITests.swift in Sources */ = {isa = PBXBuildFile; fileRef = 884C8DB21CE66E2600448E70 /* platoon_iosUITests.swift */; };
		884EB2431CFDEE9900987CAD /* ProfileViewController.swift in Sources */ = {isa = PBXBuildFile; fileRef = 884EB2421CFDEE9900987CAD /* ProfileViewController.swift */; };
		884EB2451CFDEFA500987CAD /* User.swift in Sources */ = {isa = PBXBuildFile; fileRef = 884EB2441CFDEFA500987CAD /* User.swift */; };
		884EB2481CFE0F0F00987CAD /* BankViewController.swift in Sources */ = {isa = PBXBuildFile; fileRef = 884EB2471CFE0F0F00987CAD /* BankViewController.swift */; };
		884EB24A1CFE14AD00987CAD /* FleetViewController.swift in Sources */ = {isa = PBXBuildFile; fileRef = 884EB2491CFE14AD00987CAD /* FleetViewController.swift */; };
		884EB24C1CFE1C1A00987CAD /* FleetProfileViewController.swift in Sources */ = {isa = PBXBuildFile; fileRef = 884EB24B1CFE1C1A00987CAD /* FleetProfileViewController.swift */; };
		884EB24E1CFE219900987CAD /* AddDriverViewController.swift in Sources */ = {isa = PBXBuildFile; fileRef = 884EB24D1CFE219900987CAD /* AddDriverViewController.swift */; };
		884EB2501CFE24B400987CAD /* LoadHistoryViewController.swift in Sources */ = {isa = PBXBuildFile; fileRef = 884EB24F1CFE24B400987CAD /* LoadHistoryViewController.swift */; };
		88BA84E01D0089D500C72AA8 /* Charts.framework in Frameworks */ = {isa = PBXBuildFile; fileRef = 88BA84DF1D0089D500C72AA8 /* Charts.framework */; };
		88BA84E21D0089DA00C72AA8 /* Charts.framework in CopyFiles */ = {isa = PBXBuildFile; fileRef = 88BA84DF1D0089D500C72AA8 /* Charts.framework */; settings = {ATTRIBUTES = (CodeSignOnCopy, RemoveHeadersOnCopy, ); }; };
		88BB34791CF49EB300D47A1C /* GetStartedViewController.swift in Sources */ = {isa = PBXBuildFile; fileRef = 88BB34781CF49EB300D47A1C /* GetStartedViewController.swift */; };
		88BB347B1CF4A78200D47A1C /* Cartography.framework in Frameworks */ = {isa = PBXBuildFile; fileRef = 88BB347A1CF4A78200D47A1C /* Cartography.framework */; };
		88BB347E1CF4A7FF00D47A1C /* Cartography.framework in CopyFiles */ = {isa = PBXBuildFile; fileRef = 88BB347A1CF4A78200D47A1C /* Cartography.framework */; settings = {ATTRIBUTES = (CodeSignOnCopy, RemoveHeadersOnCopy, ); }; };
		88BB34801CF4B1BA00D47A1C /* AppearanceManager.swift in Sources */ = {isa = PBXBuildFile; fileRef = 88BB347F1CF4B1BA00D47A1C /* AppearanceManager.swift */; };
		88BB34821CF4CD1D00D47A1C /* CreateAccountViewController.swift in Sources */ = {isa = PBXBuildFile; fileRef = 88BB34811CF4CD1D00D47A1C /* CreateAccountViewController.swift */; };
		88BB34841CF4D74A00D47A1C /* ValidationViewController.swift in Sources */ = {isa = PBXBuildFile; fileRef = 88BB34831CF4D74A00D47A1C /* ValidationViewController.swift */; };
		88BB34861CF4D77000D47A1C /* PhoneTextField.swift in Sources */ = {isa = PBXBuildFile; fileRef = 88BB34851CF4D77000D47A1C /* PhoneTextField.swift */; };
		88BB348A1CF4E7C300D47A1C /* DetailsViewController.swift in Sources */ = {isa = PBXBuildFile; fileRef = 88BB34891CF4E7C300D47A1C /* DetailsViewController.swift */; };
		88BB348C1CF4F15600D47A1C /* BankInformationViewController.swift in Sources */ = {isa = PBXBuildFile; fileRef = 88BB348B1CF4F15500D47A1C /* BankInformationViewController.swift */; };
		88BB348E1CF4F8CE00D47A1C /* ThankYouViewController.swift in Sources */ = {isa = PBXBuildFile; fileRef = 88BB348D1CF4F8CE00D47A1C /* ThankYouViewController.swift */; };
		88BB34B51CF62C6B00D47A1C /* Graphik-Black.otf in Resources */ = {isa = PBXBuildFile; fileRef = 88BB34911CF62C6B00D47A1C /* Graphik-Black.otf */; };
		88BB34B71CF62C6B00D47A1C /* Graphik-BlackItalic.otf in Resources */ = {isa = PBXBuildFile; fileRef = 88BB34931CF62C6B00D47A1C /* Graphik-BlackItalic.otf */; };
		88BB34B91CF62C6B00D47A1C /* Graphik-Bold.otf in Resources */ = {isa = PBXBuildFile; fileRef = 88BB34951CF62C6B00D47A1C /* Graphik-Bold.otf */; };
		88BB34BB1CF62C6B00D47A1C /* Graphik-BoldItalic.otf in Resources */ = {isa = PBXBuildFile; fileRef = 88BB34971CF62C6B00D47A1C /* Graphik-BoldItalic.otf */; };
		88BB34BD1CF62C6B00D47A1C /* Graphik-Extralight.otf in Resources */ = {isa = PBXBuildFile; fileRef = 88BB34991CF62C6B00D47A1C /* Graphik-Extralight.otf */; };
		88BB34BF1CF62C6B00D47A1C /* Graphik-ExtralightItalic.otf in Resources */ = {isa = PBXBuildFile; fileRef = 88BB349B1CF62C6B00D47A1C /* Graphik-ExtralightItalic.otf */; };
		88BB34C11CF62C6B00D47A1C /* Graphik-Light.otf in Resources */ = {isa = PBXBuildFile; fileRef = 88BB349D1CF62C6B00D47A1C /* Graphik-Light.otf */; };
		88BB34C31CF62C6B00D47A1C /* Graphik-LightItalic.otf in Resources */ = {isa = PBXBuildFile; fileRef = 88BB349F1CF62C6B00D47A1C /* Graphik-LightItalic.otf */; };
		88BB34C51CF62C6B00D47A1C /* Graphik-Medium.otf in Resources */ = {isa = PBXBuildFile; fileRef = 88BB34A11CF62C6B00D47A1C /* Graphik-Medium.otf */; };
		88BB34C71CF62C6B00D47A1C /* Graphik-MediumItalic.otf in Resources */ = {isa = PBXBuildFile; fileRef = 88BB34A31CF62C6B00D47A1C /* Graphik-MediumItalic.otf */; };
		88BB34C91CF62C6B00D47A1C /* Graphik-Regular.otf in Resources */ = {isa = PBXBuildFile; fileRef = 88BB34A51CF62C6B00D47A1C /* Graphik-Regular.otf */; };
		88BB34CB1CF62C6B00D47A1C /* Graphik-RegularItalic.otf in Resources */ = {isa = PBXBuildFile; fileRef = 88BB34A71CF62C6B00D47A1C /* Graphik-RegularItalic.otf */; };
		88BB34CD1CF62C6B00D47A1C /* Graphik-Semibold.otf in Resources */ = {isa = PBXBuildFile; fileRef = 88BB34A91CF62C6B00D47A1C /* Graphik-Semibold.otf */; };
		88BB34CF1CF62C6B00D47A1C /* Graphik-SemiboldItalic.otf in Resources */ = {isa = PBXBuildFile; fileRef = 88BB34AB1CF62C6B00D47A1C /* Graphik-SemiboldItalic.otf */; };
		88BB34D11CF62C6B00D47A1C /* Graphik-Super.otf in Resources */ = {isa = PBXBuildFile; fileRef = 88BB34AD1CF62C6B00D47A1C /* Graphik-Super.otf */; };
		88BB34D31CF62C6B00D47A1C /* Graphik-SuperItalic.otf in Resources */ = {isa = PBXBuildFile; fileRef = 88BB34AF1CF62C6B00D47A1C /* Graphik-SuperItalic.otf */; };
		88BB34D51CF62C6B00D47A1C /* Graphik-Thin.otf in Resources */ = {isa = PBXBuildFile; fileRef = 88BB34B11CF62C6B00D47A1C /* Graphik-Thin.otf */; };
		88BB34D71CF62C6B00D47A1C /* Graphik-ThinItalic.otf in Resources */ = {isa = PBXBuildFile; fileRef = 88BB34B31CF62C6B00D47A1C /* Graphik-ThinItalic.otf */; };
		88BB34DA1CF63A8100D47A1C /* Realm.framework in Frameworks */ = {isa = PBXBuildFile; fileRef = 88BB34D81CF63A7A00D47A1C /* Realm.framework */; };
		88BB34DB1CF63A8100D47A1C /* Realm.framework in CopyFiles */ = {isa = PBXBuildFile; fileRef = 88BB34D81CF63A7A00D47A1C /* Realm.framework */; settings = {ATTRIBUTES = (CodeSignOnCopy, RemoveHeadersOnCopy, ); }; };
		88BB34DD1CF6437C00D47A1C /* Load.swift in Sources */ = {isa = PBXBuildFile; fileRef = 88BB34DC1CF6437C00D47A1C /* Load.swift */; };
		88BB34E11CF6444100D47A1C /* Company.swift in Sources */ = {isa = PBXBuildFile; fileRef = 88BB34E01CF6444100D47A1C /* Company.swift */; };
		88BB34E31CF647C900D47A1C /* RealmSwift.framework in Frameworks */ = {isa = PBXBuildFile; fileRef = 88BB34E21CF647C900D47A1C /* RealmSwift.framework */; };
		88BB34E51CF647CD00D47A1C /* RealmSwift.framework in CopyFiles */ = {isa = PBXBuildFile; fileRef = 88BB34E21CF647C900D47A1C /* RealmSwift.framework */; settings = {ATTRIBUTES = (CodeSignOnCopy, RemoveHeadersOnCopy, ); }; };
		88BB34E81CF699E500D47A1C /* LoadViewController.swift in Sources */ = {isa = PBXBuildFile; fileRef = 88BB34E71CF699E500D47A1C /* LoadViewController.swift */; };
		88BB34EA1CF7AA1E00D47A1C /* TripPlanningViewController.swift in Sources */ = {isa = PBXBuildFile; fileRef = 88BB34E91CF7AA1E00D47A1C /* TripPlanningViewController.swift */; };
		88BB34EC1CF7ACF400D47A1C /* LoadCell.swift in Sources */ = {isa = PBXBuildFile; fileRef = 88BB34EB1CF7ACF400D47A1C /* LoadCell.swift */; };
/* End PBXBuildFile section */

/* Begin PBXContainerItemProxy section */
		884C8DA41CE66E2600448E70 /* PBXContainerItemProxy */ = {
			isa = PBXContainerItemProxy;
			containerPortal = 884C8D851CE66E2500448E70 /* Project object */;
			proxyType = 1;
			remoteGlobalIDString = 884C8D8C1CE66E2500448E70;
			remoteInfo = "platoon-ios";
		};
		884C8DAF1CE66E2600448E70 /* PBXContainerItemProxy */ = {
			isa = PBXContainerItemProxy;
			containerPortal = 884C8D851CE66E2500448E70 /* Project object */;
			proxyType = 1;
			remoteGlobalIDString = 884C8D8C1CE66E2500448E70;
			remoteInfo = "platoon-ios";
		};
/* End PBXContainerItemProxy section */

/* Begin PBXCopyFilesBuildPhase section */
		88BB347D1CF4A7E700D47A1C /* CopyFiles */ = {
			isa = PBXCopyFilesBuildPhase;
			buildActionMask = 12;
			dstPath = "";
			dstSubfolderSpec = 10;
			files = (
				88BB34DB1CF63A8100D47A1C /* Realm.framework in CopyFiles */,
				88BA84E21D0089DA00C72AA8 /* Charts.framework in CopyFiles */,
				88BB347E1CF4A7FF00D47A1C /* Cartography.framework in CopyFiles */,
				88BB34E51CF647CD00D47A1C /* RealmSwift.framework in CopyFiles */,
			);
			runOnlyForDeploymentPostprocessing = 0;
		};
/* End PBXCopyFilesBuildPhase section */

/* Begin PBXFileReference section */
		884C8D8D1CE66E2600448E70 /* platoon.app */ = {isa = PBXFileReference; explicitFileType = wrapper.application; includeInIndex = 0; path = platoon.app; sourceTree = BUILT_PRODUCTS_DIR; };
		884C8D901CE66E2600448E70 /* AppDelegate.swift */ = {isa = PBXFileReference; lastKnownFileType = sourcecode.swift; path = AppDelegate.swift; sourceTree = "<group>"; };
		884C8D921CE66E2600448E70 /* MasterViewController.swift */ = {isa = PBXFileReference; lastKnownFileType = sourcecode.swift; path = MasterViewController.swift; sourceTree = "<group>"; };
		884C8D941CE66E2600448E70 /* DetailViewController.swift */ = {isa = PBXFileReference; lastKnownFileType = sourcecode.swift; path = DetailViewController.swift; sourceTree = "<group>"; };
		884C8D971CE66E2600448E70 /* Base */ = {isa = PBXFileReference; lastKnownFileType = file.storyboard; name = Base; path = Base.lproj/Main.storyboard; sourceTree = "<group>"; };
		884C8D991CE66E2600448E70 /* Assets.xcassets */ = {isa = PBXFileReference; lastKnownFileType = folder.assetcatalog; path = Assets.xcassets; sourceTree = "<group>"; };
		884C8D9C1CE66E2600448E70 /* Base */ = {isa = PBXFileReference; lastKnownFileType = file.storyboard; name = Base; path = Base.lproj/LaunchScreen.storyboard; sourceTree = "<group>"; };
		884C8D9E1CE66E2600448E70 /* Info.plist */ = {isa = PBXFileReference; lastKnownFileType = text.plist.xml; path = Info.plist; sourceTree = "<group>"; };
		884C8DA31CE66E2600448E70 /* platoon-iosTests.xctest */ = {isa = PBXFileReference; explicitFileType = wrapper.cfbundle; includeInIndex = 0; path = "platoon-iosTests.xctest"; sourceTree = BUILT_PRODUCTS_DIR; };
		884C8DA71CE66E2600448E70 /* platoon_iosTests.swift */ = {isa = PBXFileReference; lastKnownFileType = sourcecode.swift; path = platoon_iosTests.swift; sourceTree = "<group>"; };
		884C8DA91CE66E2600448E70 /* Info.plist */ = {isa = PBXFileReference; lastKnownFileType = text.plist.xml; path = Info.plist; sourceTree = "<group>"; };
		884C8DAE1CE66E2600448E70 /* platoon-iosUITests.xctest */ = {isa = PBXFileReference; explicitFileType = wrapper.cfbundle; includeInIndex = 0; path = "platoon-iosUITests.xctest"; sourceTree = BUILT_PRODUCTS_DIR; };
		884C8DB21CE66E2600448E70 /* platoon_iosUITests.swift */ = {isa = PBXFileReference; lastKnownFileType = sourcecode.swift; path = platoon_iosUITests.swift; sourceTree = "<group>"; };
		884C8DB41CE66E2600448E70 /* Info.plist */ = {isa = PBXFileReference; lastKnownFileType = text.plist.xml; path = Info.plist; sourceTree = "<group>"; };
		884EB2421CFDEE9900987CAD /* ProfileViewController.swift */ = {isa = PBXFileReference; fileEncoding = 4; lastKnownFileType = sourcecode.swift; path = ProfileViewController.swift; sourceTree = "<group>"; };
		884EB2441CFDEFA500987CAD /* User.swift */ = {isa = PBXFileReference; fileEncoding = 4; lastKnownFileType = sourcecode.swift; path = User.swift; sourceTree = "<group>"; };
		884EB2471CFE0F0F00987CAD /* BankViewController.swift */ = {isa = PBXFileReference; fileEncoding = 4; lastKnownFileType = sourcecode.swift; path = BankViewController.swift; sourceTree = "<group>"; };
		884EB2491CFE14AD00987CAD /* FleetViewController.swift */ = {isa = PBXFileReference; fileEncoding = 4; lastKnownFileType = sourcecode.swift; path = FleetViewController.swift; sourceTree = "<group>"; };
		884EB24B1CFE1C1A00987CAD /* FleetProfileViewController.swift */ = {isa = PBXFileReference; fileEncoding = 4; lastKnownFileType = sourcecode.swift; path = FleetProfileViewController.swift; sourceTree = "<group>"; };
		884EB24D1CFE219900987CAD /* AddDriverViewController.swift */ = {isa = PBXFileReference; fileEncoding = 4; lastKnownFileType = sourcecode.swift; path = AddDriverViewController.swift; sourceTree = "<group>"; };
		884EB24F1CFE24B400987CAD /* LoadHistoryViewController.swift */ = {isa = PBXFileReference; fileEncoding = 4; lastKnownFileType = sourcecode.swift; path = LoadHistoryViewController.swift; sourceTree = "<group>"; };
		88BA84DF1D0089D500C72AA8 /* Charts.framework */ = {isa = PBXFileReference; lastKnownFileType = wrapper.framework; name = Charts.framework; path = Carthage/Build/iOS/Charts.framework; sourceTree = "<group>"; };
		88BB34781CF49EB300D47A1C /* GetStartedViewController.swift */ = {isa = PBXFileReference; fileEncoding = 4; lastKnownFileType = sourcecode.swift; path = GetStartedViewController.swift; sourceTree = "<group>"; };
		88BB347A1CF4A78200D47A1C /* Cartography.framework */ = {isa = PBXFileReference; lastKnownFileType = wrapper.framework; name = Cartography.framework; path = Carthage/Build/iOS/Cartography.framework; sourceTree = "<group>"; };
		88BB347F1CF4B1BA00D47A1C /* AppearanceManager.swift */ = {isa = PBXFileReference; fileEncoding = 4; lastKnownFileType = sourcecode.swift; path = AppearanceManager.swift; sourceTree = "<group>"; };
		88BB34811CF4CD1D00D47A1C /* CreateAccountViewController.swift */ = {isa = PBXFileReference; fileEncoding = 4; lastKnownFileType = sourcecode.swift; path = CreateAccountViewController.swift; sourceTree = "<group>"; };
		88BB34831CF4D74A00D47A1C /* ValidationViewController.swift */ = {isa = PBXFileReference; fileEncoding = 4; lastKnownFileType = sourcecode.swift; path = ValidationViewController.swift; sourceTree = "<group>"; };
		88BB34851CF4D77000D47A1C /* PhoneTextField.swift */ = {isa = PBXFileReference; fileEncoding = 4; lastKnownFileType = sourcecode.swift; path = PhoneTextField.swift; sourceTree = "<group>"; };
		88BB34891CF4E7C300D47A1C /* DetailsViewController.swift */ = {isa = PBXFileReference; fileEncoding = 4; lastKnownFileType = sourcecode.swift; path = DetailsViewController.swift; sourceTree = "<group>"; };
		88BB348B1CF4F15500D47A1C /* BankInformationViewController.swift */ = {isa = PBXFileReference; fileEncoding = 4; lastKnownFileType = sourcecode.swift; path = BankInformationViewController.swift; sourceTree = "<group>"; };
		88BB348D1CF4F8CE00D47A1C /* ThankYouViewController.swift */ = {isa = PBXFileReference; fileEncoding = 4; lastKnownFileType = sourcecode.swift; path = ThankYouViewController.swift; sourceTree = "<group>"; };
		88BB34911CF62C6B00D47A1C /* Graphik-Black.otf */ = {isa = PBXFileReference; lastKnownFileType = file; path = "Graphik-Black.otf"; sourceTree = "<group>"; };
		88BB34931CF62C6B00D47A1C /* Graphik-BlackItalic.otf */ = {isa = PBXFileReference; lastKnownFileType = file; path = "Graphik-BlackItalic.otf"; sourceTree = "<group>"; };
		88BB34951CF62C6B00D47A1C /* Graphik-Bold.otf */ = {isa = PBXFileReference; lastKnownFileType = file; path = "Graphik-Bold.otf"; sourceTree = "<group>"; };
		88BB34971CF62C6B00D47A1C /* Graphik-BoldItalic.otf */ = {isa = PBXFileReference; lastKnownFileType = file; path = "Graphik-BoldItalic.otf"; sourceTree = "<group>"; };
		88BB34991CF62C6B00D47A1C /* Graphik-Extralight.otf */ = {isa = PBXFileReference; lastKnownFileType = file; path = "Graphik-Extralight.otf"; sourceTree = "<group>"; };
		88BB349B1CF62C6B00D47A1C /* Graphik-ExtralightItalic.otf */ = {isa = PBXFileReference; lastKnownFileType = file; path = "Graphik-ExtralightItalic.otf"; sourceTree = "<group>"; };
		88BB349D1CF62C6B00D47A1C /* Graphik-Light.otf */ = {isa = PBXFileReference; lastKnownFileType = file; path = "Graphik-Light.otf"; sourceTree = "<group>"; };
		88BB349F1CF62C6B00D47A1C /* Graphik-LightItalic.otf */ = {isa = PBXFileReference; lastKnownFileType = file; path = "Graphik-LightItalic.otf"; sourceTree = "<group>"; };
		88BB34A11CF62C6B00D47A1C /* Graphik-Medium.otf */ = {isa = PBXFileReference; lastKnownFileType = file; path = "Graphik-Medium.otf"; sourceTree = "<group>"; };
		88BB34A31CF62C6B00D47A1C /* Graphik-MediumItalic.otf */ = {isa = PBXFileReference; lastKnownFileType = file; path = "Graphik-MediumItalic.otf"; sourceTree = "<group>"; };
		88BB34A51CF62C6B00D47A1C /* Graphik-Regular.otf */ = {isa = PBXFileReference; lastKnownFileType = file; path = "Graphik-Regular.otf"; sourceTree = "<group>"; };
		88BB34A71CF62C6B00D47A1C /* Graphik-RegularItalic.otf */ = {isa = PBXFileReference; lastKnownFileType = file; path = "Graphik-RegularItalic.otf"; sourceTree = "<group>"; };
		88BB34A91CF62C6B00D47A1C /* Graphik-Semibold.otf */ = {isa = PBXFileReference; lastKnownFileType = file; path = "Graphik-Semibold.otf"; sourceTree = "<group>"; };
		88BB34AB1CF62C6B00D47A1C /* Graphik-SemiboldItalic.otf */ = {isa = PBXFileReference; lastKnownFileType = file; path = "Graphik-SemiboldItalic.otf"; sourceTree = "<group>"; };
		88BB34AD1CF62C6B00D47A1C /* Graphik-Super.otf */ = {isa = PBXFileReference; lastKnownFileType = file; path = "Graphik-Super.otf"; sourceTree = "<group>"; };
		88BB34AF1CF62C6B00D47A1C /* Graphik-SuperItalic.otf */ = {isa = PBXFileReference; lastKnownFileType = file; path = "Graphik-SuperItalic.otf"; sourceTree = "<group>"; };
		88BB34B11CF62C6B00D47A1C /* Graphik-Thin.otf */ = {isa = PBXFileReference; lastKnownFileType = file; path = "Graphik-Thin.otf"; sourceTree = "<group>"; };
		88BB34B31CF62C6B00D47A1C /* Graphik-ThinItalic.otf */ = {isa = PBXFileReference; lastKnownFileType = file; path = "Graphik-ThinItalic.otf"; sourceTree = "<group>"; };
		88BB34D81CF63A7A00D47A1C /* Realm.framework */ = {isa = PBXFileReference; lastKnownFileType = wrapper.framework; name = Realm.framework; path = Carthage/Build/iOS/Realm.framework; sourceTree = "<group>"; };
		88BB34DC1CF6437C00D47A1C /* Load.swift */ = {isa = PBXFileReference; fileEncoding = 4; lastKnownFileType = sourcecode.swift; path = Load.swift; sourceTree = "<group>"; };
		88BB34E01CF6444100D47A1C /* Company.swift */ = {isa = PBXFileReference; fileEncoding = 4; lastKnownFileType = sourcecode.swift; path = Company.swift; sourceTree = "<group>"; };
		88BB34E21CF647C900D47A1C /* RealmSwift.framework */ = {isa = PBXFileReference; lastKnownFileType = wrapper.framework; name = RealmSwift.framework; path = Carthage/Build/iOS/RealmSwift.framework; sourceTree = "<group>"; };
		88BB34E71CF699E500D47A1C /* LoadViewController.swift */ = {isa = PBXFileReference; fileEncoding = 4; lastKnownFileType = sourcecode.swift; path = LoadViewController.swift; sourceTree = "<group>"; };
		88BB34E91CF7AA1E00D47A1C /* TripPlanningViewController.swift */ = {isa = PBXFileReference; fileEncoding = 4; lastKnownFileType = sourcecode.swift; path = TripPlanningViewController.swift; sourceTree = "<group>"; };
		88BB34EB1CF7ACF400D47A1C /* LoadCell.swift */ = {isa = PBXFileReference; fileEncoding = 4; lastKnownFileType = sourcecode.swift; path = LoadCell.swift; sourceTree = "<group>"; };
/* End PBXFileReference section */

/* Begin PBXFrameworksBuildPhase section */
		884C8D8A1CE66E2500448E70 /* Frameworks */ = {
			isa = PBXFrameworksBuildPhase;
			buildActionMask = 2147483647;
			files = (
				88BA84E01D0089D500C72AA8 /* Charts.framework in Frameworks */,
				88BB34E31CF647C900D47A1C /* RealmSwift.framework in Frameworks */,
				88BB34DA1CF63A8100D47A1C /* Realm.framework in Frameworks */,
				88BB347B1CF4A78200D47A1C /* Cartography.framework in Frameworks */,
			);
			runOnlyForDeploymentPostprocessing = 0;
		};
		884C8DA01CE66E2600448E70 /* Frameworks */ = {
			isa = PBXFrameworksBuildPhase;
			buildActionMask = 2147483647;
			files = (
			);
			runOnlyForDeploymentPostprocessing = 0;
		};
		884C8DAB1CE66E2600448E70 /* Frameworks */ = {
			isa = PBXFrameworksBuildPhase;
			buildActionMask = 2147483647;
			files = (
			);
			runOnlyForDeploymentPostprocessing = 0;
		};
/* End PBXFrameworksBuildPhase section */

/* Begin PBXGroup section */
		884C8D841CE66E2500448E70 = {
			isa = PBXGroup;
			children = (
				884C8D8F1CE66E2600448E70 /* platoon-ios */,
				88BB348F1CF62C5300D47A1C /* Resources */,
				88BB347C1CF4A79D00D47A1C /* Frameworks */,
				884C8DA61CE66E2600448E70 /* platoon-iosTests */,
				884C8DB11CE66E2600448E70 /* platoon-iosUITests */,
				884C8D8E1CE66E2600448E70 /* Products */,
			);
			sourceTree = "<group>";
		};
		884C8D8E1CE66E2600448E70 /* Products */ = {
			isa = PBXGroup;
			children = (
				884C8D8D1CE66E2600448E70 /* platoon.app */,
				884C8DA31CE66E2600448E70 /* platoon-iosTests.xctest */,
				884C8DAE1CE66E2600448E70 /* platoon-iosUITests.xctest */,
			);
			name = Products;
			sourceTree = "<group>";
		};
		884C8D8F1CE66E2600448E70 /* platoon-ios */ = {
			isa = PBXGroup;
			children = (
				884C8D901CE66E2600448E70 /* AppDelegate.swift */,
				884C8D961CE66E2600448E70 /* Main.storyboard */,
				884C8D9B1CE66E2600448E70 /* LaunchScreen.storyboard */,
				88BB347F1CF4B1BA00D47A1C /* AppearanceManager.swift */,
				88BB34DE1CF6438600D47A1C /* Extensions */,
				88BB34DF1CF6439D00D47A1C /* Objects */,
				88BB34771CF49E5E00D47A1C /* ViewControllers */,
				884C8D991CE66E2600448E70 /* Assets.xcassets */,
				884C8D9E1CE66E2600448E70 /* Info.plist */,
			);
			path = "platoon-ios";
			sourceTree = "<group>";
		};
		884C8DA61CE66E2600448E70 /* platoon-iosTests */ = {
			isa = PBXGroup;
			children = (
				884C8DA71CE66E2600448E70 /* platoon_iosTests.swift */,
				884C8DA91CE66E2600448E70 /* Info.plist */,
			);
			path = "platoon-iosTests";
			sourceTree = "<group>";
		};
		884C8DB11CE66E2600448E70 /* platoon-iosUITests */ = {
			isa = PBXGroup;
			children = (
				884C8DB21CE66E2600448E70 /* platoon_iosUITests.swift */,
				884C8DB41CE66E2600448E70 /* Info.plist */,
			);
			path = "platoon-iosUITests";
			sourceTree = "<group>";
		};
		884EB2461CFE0EF200987CAD /* Profile */ = {
			isa = PBXGroup;
			children = (
				884EB2471CFE0F0F00987CAD /* BankViewController.swift */,
				884EB2491CFE14AD00987CAD /* FleetViewController.swift */,
				884EB24D1CFE219900987CAD /* AddDriverViewController.swift */,
				884EB24B1CFE1C1A00987CAD /* FleetProfileViewController.swift */,
				884EB24F1CFE24B400987CAD /* LoadHistoryViewController.swift */,
			);
			name = Profile;
			sourceTree = "<group>";
		};
		88BB34771CF49E5E00D47A1C /* ViewControllers */ = {
			isa = PBXGroup;
			children = (
				88BB34E61CF699CC00D47A1C /* Onboarding */,
				884C8D921CE66E2600448E70 /* MasterViewController.swift */,
				88BB34E91CF7AA1E00D47A1C /* TripPlanningViewController.swift */,
				884EB2421CFDEE9900987CAD /* ProfileViewController.swift */,
				88BB34E71CF699E500D47A1C /* LoadViewController.swift */,
				884C8D941CE66E2600448E70 /* DetailViewController.swift */,
				884EB2461CFE0EF200987CAD /* Profile */,
				88BB34EB1CF7ACF400D47A1C /* LoadCell.swift */,
			);
			name = ViewControllers;
			sourceTree = "<group>";
		};
		88BB347C1CF4A79D00D47A1C /* Frameworks */ = {
			isa = PBXGroup;
			children = (
				88BA84DF1D0089D500C72AA8 /* Charts.framework */,
				88BB34E21CF647C900D47A1C /* RealmSwift.framework */,
				88BB34D81CF63A7A00D47A1C /* Realm.framework */,
				88BB347A1CF4A78200D47A1C /* Cartography.framework */,
			);
			name = Frameworks;
			sourceTree = "<group>";
		};
		88BB348F1CF62C5300D47A1C /* Resources */ = {
			isa = PBXGroup;
			children = (
				88BB34911CF62C6B00D47A1C /* Graphik-Black.otf */,
				88BB34931CF62C6B00D47A1C /* Graphik-BlackItalic.otf */,
				88BB34951CF62C6B00D47A1C /* Graphik-Bold.otf */,
				88BB34971CF62C6B00D47A1C /* Graphik-BoldItalic.otf */,
				88BB34991CF62C6B00D47A1C /* Graphik-Extralight.otf */,
				88BB349B1CF62C6B00D47A1C /* Graphik-ExtralightItalic.otf */,
				88BB349D1CF62C6B00D47A1C /* Graphik-Light.otf */,
				88BB349F1CF62C6B00D47A1C /* Graphik-LightItalic.otf */,
				88BB34A11CF62C6B00D47A1C /* Graphik-Medium.otf */,
				88BB34A31CF62C6B00D47A1C /* Graphik-MediumItalic.otf */,
				88BB34A51CF62C6B00D47A1C /* Graphik-Regular.otf */,
				88BB34A71CF62C6B00D47A1C /* Graphik-RegularItalic.otf */,
				88BB34A91CF62C6B00D47A1C /* Graphik-Semibold.otf */,
				88BB34AB1CF62C6B00D47A1C /* Graphik-SemiboldItalic.otf */,
				88BB34AD1CF62C6B00D47A1C /* Graphik-Super.otf */,
				88BB34AF1CF62C6B00D47A1C /* Graphik-SuperItalic.otf */,
				88BB34B11CF62C6B00D47A1C /* Graphik-Thin.otf */,
				88BB34B31CF62C6B00D47A1C /* Graphik-ThinItalic.otf */,
			);
			name = Resources;
			path = "platoon-ios";
			sourceTree = "<group>";
		};
		88BB34DE1CF6438600D47A1C /* Extensions */ = {
			isa = PBXGroup;
			children = (
				88BB34851CF4D77000D47A1C /* PhoneTextField.swift */,
			);
			name = Extensions;
			sourceTree = "<group>";
		};
		88BB34DF1CF6439D00D47A1C /* Objects */ = {
			isa = PBXGroup;
			children = (
				88BB34DC1CF6437C00D47A1C /* Load.swift */,
				88BB34E01CF6444100D47A1C /* Company.swift */,
				884EB2441CFDEFA500987CAD /* User.swift */,
			);
			name = Objects;
			sourceTree = "<group>";
		};
		88BB34E61CF699CC00D47A1C /* Onboarding */ = {
			isa = PBXGroup;
			children = (
				88BB34781CF49EB300D47A1C /* GetStartedViewController.swift */,
				88BB34811CF4CD1D00D47A1C /* CreateAccountViewController.swift */,
				88BB34831CF4D74A00D47A1C /* ValidationViewController.swift */,
				88BB34891CF4E7C300D47A1C /* DetailsViewController.swift */,
				88BB348B1CF4F15500D47A1C /* BankInformationViewController.swift */,
				88BB348D1CF4F8CE00D47A1C /* ThankYouViewController.swift */,
			);
			name = Onboarding;
			sourceTree = "<group>";
		};
/* End PBXGroup section */

/* Begin PBXNativeTarget section */
		884C8D8C1CE66E2500448E70 /* platoon */ = {
			isa = PBXNativeTarget;
			buildConfigurationList = 884C8DB71CE66E2600448E70 /* Build configuration list for PBXNativeTarget "platoon" */;
			buildPhases = (
				884C8D891CE66E2500448E70 /* Sources */,
				884C8D8A1CE66E2500448E70 /* Frameworks */,
				884C8D8B1CE66E2500448E70 /* Resources */,
				88BB347D1CF4A7E700D47A1C /* CopyFiles */,
			);
			buildRules = (
			);
			dependencies = (
			);
			name = platoon;
			productName = "platoon-ios";
			productReference = 884C8D8D1CE66E2600448E70 /* platoon.app */;
			productType = "com.apple.product-type.application";
		};
		884C8DA21CE66E2600448E70 /* platoon-iosTests */ = {
			isa = PBXNativeTarget;
			buildConfigurationList = 884C8DBA1CE66E2600448E70 /* Build configuration list for PBXNativeTarget "platoon-iosTests" */;
			buildPhases = (
				884C8D9F1CE66E2600448E70 /* Sources */,
				884C8DA01CE66E2600448E70 /* Frameworks */,
				884C8DA11CE66E2600448E70 /* Resources */,
			);
			buildRules = (
			);
			dependencies = (
				884C8DA51CE66E2600448E70 /* PBXTargetDependency */,
			);
			name = "platoon-iosTests";
			productName = "platoon-iosTests";
			productReference = 884C8DA31CE66E2600448E70 /* platoon-iosTests.xctest */;
			productType = "com.apple.product-type.bundle.unit-test";
		};
		884C8DAD1CE66E2600448E70 /* platoon-iosUITests */ = {
			isa = PBXNativeTarget;
			buildConfigurationList = 884C8DBD1CE66E2600448E70 /* Build configuration list for PBXNativeTarget "platoon-iosUITests" */;
			buildPhases = (
				884C8DAA1CE66E2600448E70 /* Sources */,
				884C8DAB1CE66E2600448E70 /* Frameworks */,
				884C8DAC1CE66E2600448E70 /* Resources */,
			);
			buildRules = (
			);
			dependencies = (
				884C8DB01CE66E2600448E70 /* PBXTargetDependency */,
			);
			name = "platoon-iosUITests";
			productName = "platoon-iosUITests";
			productReference = 884C8DAE1CE66E2600448E70 /* platoon-iosUITests.xctest */;
			productType = "com.apple.product-type.bundle.ui-testing";
		};
/* End PBXNativeTarget section */

/* Begin PBXProject section */
		884C8D851CE66E2500448E70 /* Project object */ = {
			isa = PBXProject;
			attributes = {
				LastSwiftUpdateCheck = 0730;
				LastUpgradeCheck = 0730;
				ORGANIZATIONNAME = Platoon;
				TargetAttributes = {
					884C8D8C1CE66E2500448E70 = {
						CreatedOnToolsVersion = 7.3.1;
					};
					884C8DA21CE66E2600448E70 = {
						CreatedOnToolsVersion = 7.3.1;
						TestTargetID = 884C8D8C1CE66E2500448E70;
					};
					884C8DAD1CE66E2600448E70 = {
						CreatedOnToolsVersion = 7.3.1;
						TestTargetID = 884C8D8C1CE66E2500448E70;
					};
				};
			};
			buildConfigurationList = 884C8D881CE66E2500448E70 /* Build configuration list for PBXProject "platoon-ios" */;
			compatibilityVersion = "Xcode 3.2";
			developmentRegion = English;
			hasScannedForEncodings = 0;
			knownRegions = (
				en,
				Base,
			);
			mainGroup = 884C8D841CE66E2500448E70;
			productRefGroup = 884C8D8E1CE66E2600448E70 /* Products */;
			projectDirPath = "";
			projectRoot = "";
			targets = (
				884C8D8C1CE66E2500448E70 /* platoon */,
				884C8DA21CE66E2600448E70 /* platoon-iosTests */,
				884C8DAD1CE66E2600448E70 /* platoon-iosUITests */,
			);
		};
/* End PBXProject section */

/* Begin PBXResourcesBuildPhase section */
		884C8D8B1CE66E2500448E70 /* Resources */ = {
			isa = PBXResourcesBuildPhase;
			buildActionMask = 2147483647;
			files = (
				88BB34D71CF62C6B00D47A1C /* Graphik-ThinItalic.otf in Resources */,
				88BB34B71CF62C6B00D47A1C /* Graphik-BlackItalic.otf in Resources */,
				88BB34D51CF62C6B00D47A1C /* Graphik-Thin.otf in Resources */,
				88BB34CD1CF62C6B00D47A1C /* Graphik-Semibold.otf in Resources */,
				88BB34C11CF62C6B00D47A1C /* Graphik-Light.otf in Resources */,
				884C8D9D1CE66E2600448E70 /* LaunchScreen.storyboard in Resources */,
				88BB34C91CF62C6B00D47A1C /* Graphik-Regular.otf in Resources */,
				884C8D9A1CE66E2600448E70 /* Assets.xcassets in Resources */,
				88BB34C51CF62C6B00D47A1C /* Graphik-Medium.otf in Resources */,
				88BB34D31CF62C6B00D47A1C /* Graphik-SuperItalic.otf in Resources */,
				88BB34C31CF62C6B00D47A1C /* Graphik-LightItalic.otf in Resources */,
				88BB34BF1CF62C6B00D47A1C /* Graphik-ExtralightItalic.otf in Resources */,
				88BB34B51CF62C6B00D47A1C /* Graphik-Black.otf in Resources */,
				88BB34CF1CF62C6B00D47A1C /* Graphik-SemiboldItalic.otf in Resources */,
				88BB34D11CF62C6B00D47A1C /* Graphik-Super.otf in Resources */,
				884C8D981CE66E2600448E70 /* Main.storyboard in Resources */,
				88BB34C71CF62C6B00D47A1C /* Graphik-MediumItalic.otf in Resources */,
				88BB34BD1CF62C6B00D47A1C /* Graphik-Extralight.otf in Resources */,
				88BB34B91CF62C6B00D47A1C /* Graphik-Bold.otf in Resources */,
				88BB34CB1CF62C6B00D47A1C /* Graphik-RegularItalic.otf in Resources */,
				88BB34BB1CF62C6B00D47A1C /* Graphik-BoldItalic.otf in Resources */,
			);
			runOnlyForDeploymentPostprocessing = 0;
		};
		884C8DA11CE66E2600448E70 /* Resources */ = {
			isa = PBXResourcesBuildPhase;
			buildActionMask = 2147483647;
			files = (
			);
			runOnlyForDeploymentPostprocessing = 0;
		};
		884C8DAC1CE66E2600448E70 /* Resources */ = {
			isa = PBXResourcesBuildPhase;
			buildActionMask = 2147483647;
			files = (
			);
			runOnlyForDeploymentPostprocessing = 0;
		};
/* End PBXResourcesBuildPhase section */

/* Begin PBXSourcesBuildPhase section */
		884C8D891CE66E2500448E70 /* Sources */ = {
			isa = PBXSourcesBuildPhase;
			buildActionMask = 2147483647;
			files = (
				88BB34821CF4CD1D00D47A1C /* CreateAccountViewController.swift in Sources */,
				88BB34DD1CF6437C00D47A1C /* Load.swift in Sources */,
				884EB2501CFE24B400987CAD /* LoadHistoryViewController.swift in Sources */,
				88BB34E81CF699E500D47A1C /* LoadViewController.swift in Sources */,
				884EB24C1CFE1C1A00987CAD /* FleetProfileViewController.swift in Sources */,
				884EB24E1CFE219900987CAD /* AddDriverViewController.swift in Sources */,
				884EB24A1CFE14AD00987CAD /* FleetViewController.swift in Sources */,
				88BB348C1CF4F15600D47A1C /* BankInformationViewController.swift in Sources */,
				884EB2481CFE0F0F00987CAD /* BankViewController.swift in Sources */,
				884C8D951CE66E2600448E70 /* DetailViewController.swift in Sources */,
				88BB348A1CF4E7C300D47A1C /* DetailsViewController.swift in Sources */,
				88BB34861CF4D77000D47A1C /* PhoneTextField.swift in Sources */,
				884EB2431CFDEE9900987CAD /* ProfileViewController.swift in Sources */,
				884C8D931CE66E2600448E70 /* MasterViewController.swift in Sources */,
				88BB34841CF4D74A00D47A1C /* ValidationViewController.swift in Sources */,
				88BB34EC1CF7ACF400D47A1C /* LoadCell.swift in Sources */,
				884C8D911CE66E2600448E70 /* AppDelegate.swift in Sources */,
				88BB34791CF49EB300D47A1C /* GetStartedViewController.swift in Sources */,
				88BB34801CF4B1BA00D47A1C /* AppearanceManager.swift in Sources */,
				884EB2451CFDEFA500987CAD /* User.swift in Sources */,
				88BB34EA1CF7AA1E00D47A1C /* TripPlanningViewController.swift in Sources */,
				88BB34E11CF6444100D47A1C /* Company.swift in Sources */,
				88BB348E1CF4F8CE00D47A1C /* ThankYouViewController.swift in Sources */,
			);
			runOnlyForDeploymentPostprocessing = 0;
		};
		884C8D9F1CE66E2600448E70 /* Sources */ = {
			isa = PBXSourcesBuildPhase;
			buildActionMask = 2147483647;
			files = (
				884C8DA81CE66E2600448E70 /* platoon_iosTests.swift in Sources */,
			);
			runOnlyForDeploymentPostprocessing = 0;
		};
		884C8DAA1CE66E2600448E70 /* Sources */ = {
			isa = PBXSourcesBuildPhase;
			buildActionMask = 2147483647;
			files = (
				884C8DB31CE66E2600448E70 /* platoon_iosUITests.swift in Sources */,
			);
			runOnlyForDeploymentPostprocessing = 0;
		};
/* End PBXSourcesBuildPhase section */

/* Begin PBXTargetDependency section */
		884C8DA51CE66E2600448E70 /* PBXTargetDependency */ = {
			isa = PBXTargetDependency;
			target = 884C8D8C1CE66E2500448E70 /* platoon */;
			targetProxy = 884C8DA41CE66E2600448E70 /* PBXContainerItemProxy */;
		};
		884C8DB01CE66E2600448E70 /* PBXTargetDependency */ = {
			isa = PBXTargetDependency;
			target = 884C8D8C1CE66E2500448E70 /* platoon */;
			targetProxy = 884C8DAF1CE66E2600448E70 /* PBXContainerItemProxy */;
		};
/* End PBXTargetDependency section */

/* Begin PBXVariantGroup section */
		884C8D961CE66E2600448E70 /* Main.storyboard */ = {
			isa = PBXVariantGroup;
			children = (
				884C8D971CE66E2600448E70 /* Base */,
			);
			name = Main.storyboard;
			sourceTree = "<group>";
		};
		884C8D9B1CE66E2600448E70 /* LaunchScreen.storyboard */ = {
			isa = PBXVariantGroup;
			children = (
				884C8D9C1CE66E2600448E70 /* Base */,
			);
			name = LaunchScreen.storyboard;
			sourceTree = "<group>";
		};
/* End PBXVariantGroup section */

/* Begin XCBuildConfiguration section */
		884C8DB51CE66E2600448E70 /* Debug */ = {
			isa = XCBuildConfiguration;
			buildSettings = {
				ALWAYS_SEARCH_USER_PATHS = NO;
				CLANG_ANALYZER_NONNULL = YES;
				CLANG_CXX_LANGUAGE_STANDARD = "gnu++0x";
				CLANG_CXX_LIBRARY = "libc++";
				CLANG_ENABLE_MODULES = YES;
				CLANG_ENABLE_OBJC_ARC = YES;
				CLANG_WARN_BOOL_CONVERSION = YES;
				CLANG_WARN_CONSTANT_CONVERSION = YES;
				CLANG_WARN_DIRECT_OBJC_ISA_USAGE = YES_ERROR;
				CLANG_WARN_EMPTY_BODY = YES;
				CLANG_WARN_ENUM_CONVERSION = YES;
				CLANG_WARN_INT_CONVERSION = YES;
				CLANG_WARN_OBJC_ROOT_CLASS = YES_ERROR;
				CLANG_WARN_UNREACHABLE_CODE = YES;
				CLANG_WARN__DUPLICATE_METHOD_MATCH = YES;
				"CODE_SIGN_IDENTITY[sdk=iphoneos*]" = "iPhone Developer";
				COPY_PHASE_STRIP = NO;
				DEBUG_INFORMATION_FORMAT = dwarf;
				ENABLE_STRICT_OBJC_MSGSEND = YES;
				ENABLE_TESTABILITY = YES;
				GCC_C_LANGUAGE_STANDARD = gnu99;
				GCC_DYNAMIC_NO_PIC = NO;
				GCC_NO_COMMON_BLOCKS = YES;
				GCC_OPTIMIZATION_LEVEL = 0;
				GCC_PREPROCESSOR_DEFINITIONS = (
					"DEBUG=1",
					"$(inherited)",
				);
				GCC_WARN_64_TO_32_BIT_CONVERSION = YES;
				GCC_WARN_ABOUT_RETURN_TYPE = YES_ERROR;
				GCC_WARN_UNDECLARED_SELECTOR = YES;
				GCC_WARN_UNINITIALIZED_AUTOS = YES_AGGRESSIVE;
				GCC_WARN_UNUSED_FUNCTION = YES;
				GCC_WARN_UNUSED_VARIABLE = YES;
				IPHONEOS_DEPLOYMENT_TARGET = 9.3;
				MTL_ENABLE_DEBUG_INFO = YES;
				ONLY_ACTIVE_ARCH = YES;
				SDKROOT = iphoneos;
				SWIFT_OPTIMIZATION_LEVEL = "-Onone";
				TARGETED_DEVICE_FAMILY = "1,2";
			};
			name = Debug;
		};
		884C8DB61CE66E2600448E70 /* Release */ = {
			isa = XCBuildConfiguration;
			buildSettings = {
				ALWAYS_SEARCH_USER_PATHS = NO;
				CLANG_ANALYZER_NONNULL = YES;
				CLANG_CXX_LANGUAGE_STANDARD = "gnu++0x";
				CLANG_CXX_LIBRARY = "libc++";
				CLANG_ENABLE_MODULES = YES;
				CLANG_ENABLE_OBJC_ARC = YES;
				CLANG_WARN_BOOL_CONVERSION = YES;
				CLANG_WARN_CONSTANT_CONVERSION = YES;
				CLANG_WARN_DIRECT_OBJC_ISA_USAGE = YES_ERROR;
				CLANG_WARN_EMPTY_BODY = YES;
				CLANG_WARN_ENUM_CONVERSION = YES;
				CLANG_WARN_INT_CONVERSION = YES;
				CLANG_WARN_OBJC_ROOT_CLASS = YES_ERROR;
				CLANG_WARN_UNREACHABLE_CODE = YES;
				CLANG_WARN__DUPLICATE_METHOD_MATCH = YES;
				"CODE_SIGN_IDENTITY[sdk=iphoneos*]" = "iPhone Developer";
				COPY_PHASE_STRIP = NO;
				DEBUG_INFORMATION_FORMAT = "dwarf-with-dsym";
				ENABLE_NS_ASSERTIONS = NO;
				ENABLE_STRICT_OBJC_MSGSEND = YES;
				GCC_C_LANGUAGE_STANDARD = gnu99;
				GCC_NO_COMMON_BLOCKS = YES;
				GCC_WARN_64_TO_32_BIT_CONVERSION = YES;
				GCC_WARN_ABOUT_RETURN_TYPE = YES_ERROR;
				GCC_WARN_UNDECLARED_SELECTOR = YES;
				GCC_WARN_UNINITIALIZED_AUTOS = YES_AGGRESSIVE;
				GCC_WARN_UNUSED_FUNCTION = YES;
				GCC_WARN_UNUSED_VARIABLE = YES;
				IPHONEOS_DEPLOYMENT_TARGET = 9.3;
				MTL_ENABLE_DEBUG_INFO = NO;
				SDKROOT = iphoneos;
				TARGETED_DEVICE_FAMILY = "1,2";
				VALIDATE_PRODUCT = YES;
			};
			name = Release;
		};
		884C8DB81CE66E2600448E70 /* Debug */ = {
			isa = XCBuildConfiguration;
			buildSettings = {
				ASSETCATALOG_COMPILER_APPICON_NAME = AppIcon;
				ASSETCATALOG_COMPILER_LAUNCHIMAGE_NAME = LaunchImage;
				FRAMEWORK_SEARCH_PATHS = (
					"$(inherited)",
					"$(PROJECT_DIR)/Carthage/Build/iOS",
				);
				INFOPLIST_FILE = "platoon-ios/Info.plist";
				LD_RUNPATH_SEARCH_PATHS = "$(inherited) @executable_path/Frameworks";
				PRODUCT_BUNDLE_IDENTIFIER = "platoon.platoon-ios";
				PRODUCT_NAME = "$(TARGET_NAME)";
			};
			name = Debug;
		};
		884C8DB91CE66E2600448E70 /* Release */ = {
			isa = XCBuildConfiguration;
			buildSettings = {
				ASSETCATALOG_COMPILER_APPICON_NAME = AppIcon;
				ASSETCATALOG_COMPILER_LAUNCHIMAGE_NAME = LaunchImage;
				FRAMEWORK_SEARCH_PATHS = (
					"$(inherited)",
					"$(PROJECT_DIR)/Carthage/Build/iOS",
				);
				INFOPLIST_FILE = "platoon-ios/Info.plist";
				LD_RUNPATH_SEARCH_PATHS = "$(inherited) @executable_path/Frameworks";
				PRODUCT_BUNDLE_IDENTIFIER = "platoon.platoon-ios";
				PRODUCT_NAME = "$(TARGET_NAME)";
			};
			name = Release;
		};
		884C8DBB1CE66E2600448E70 /* Debug */ = {
			isa = XCBuildConfiguration;
			buildSettings = {
				BUNDLE_LOADER = "$(TEST_HOST)";
				INFOPLIST_FILE = "platoon-iosTests/Info.plist";
				LD_RUNPATH_SEARCH_PATHS = "$(inherited) @executable_path/Frameworks @loader_path/Frameworks";
				PRODUCT_BUNDLE_IDENTIFIER = "platoon.platoon-iosTests";
				PRODUCT_NAME = "$(TARGET_NAME)";
				TEST_HOST = "$(BUILT_PRODUCTS_DIR)/platoon-ios.app/platoon-ios";
			};
			name = Debug;
		};
		884C8DBC1CE66E2600448E70 /* Release */ = {
			isa = XCBuildConfiguration;
			buildSettings = {
				BUNDLE_LOADER = "$(TEST_HOST)";
				INFOPLIST_FILE = "platoon-iosTests/Info.plist";
				LD_RUNPATH_SEARCH_PATHS = "$(inherited) @executable_path/Frameworks @loader_path/Frameworks";
				PRODUCT_BUNDLE_IDENTIFIER = "platoon.platoon-iosTests";
				PRODUCT_NAME = "$(TARGET_NAME)";
				TEST_HOST = "$(BUILT_PRODUCTS_DIR)/platoon-ios.app/platoon-ios";
			};
			name = Release;
		};
		884C8DBE1CE66E2600448E70 /* Debug */ = {
			isa = XCBuildConfiguration;
			buildSettings = {
				INFOPLIST_FILE = "platoon-iosUITests/Info.plist";
				LD_RUNPATH_SEARCH_PATHS = "$(inherited) @executable_path/Frameworks @loader_path/Frameworks";
				PRODUCT_BUNDLE_IDENTIFIER = "platoon.platoon-iosUITests";
				PRODUCT_NAME = "$(TARGET_NAME)";
				TEST_TARGET_NAME = "platoon-ios";
			};
			name = Debug;
		};
		884C8DBF1CE66E2600448E70 /* Release */ = {
			isa = XCBuildConfiguration;
			buildSettings = {
				INFOPLIST_FILE = "platoon-iosUITests/Info.plist";
				LD_RUNPATH_SEARCH_PATHS = "$(inherited) @executable_path/Frameworks @loader_path/Frameworks";
				PRODUCT_BUNDLE_IDENTIFIER = "platoon.platoon-iosUITests";
				PRODUCT_NAME = "$(TARGET_NAME)";
				TEST_TARGET_NAME = "platoon-ios";
			};
			name = Release;
		};
/* End XCBuildConfiguration section */

/* Begin XCConfigurationList section */
		884C8D881CE66E2500448E70 /* Build configuration list for PBXProject "platoon-ios" */ = {
			isa = XCConfigurationList;
			buildConfigurations = (
				884C8DB51CE66E2600448E70 /* Debug */,
				884C8DB61CE66E2600448E70 /* Release */,
			);
			defaultConfigurationIsVisible = 0;
			defaultConfigurationName = Release;
		};
		884C8DB71CE66E2600448E70 /* Build configuration list for PBXNativeTarget "platoon" */ = {
			isa = XCConfigurationList;
			buildConfigurations = (
				884C8DB81CE66E2600448E70 /* Debug */,
				884C8DB91CE66E2600448E70 /* Release */,
			);
			defaultConfigurationIsVisible = 0;
			defaultConfigurationName = Release;
		};
		884C8DBA1CE66E2600448E70 /* Build configuration list for PBXNativeTarget "platoon-iosTests" */ = {
			isa = XCConfigurationList;
			buildConfigurations = (
				884C8DBB1CE66E2600448E70 /* Debug */,
				884C8DBC1CE66E2600448E70 /* Release */,
			);
			defaultConfigurationIsVisible = 0;
			defaultConfigurationName = Release;
		};
		884C8DBD1CE66E2600448E70 /* Build configuration list for PBXNativeTarget "platoon-iosUITests" */ = {
			isa = XCConfigurationList;
			buildConfigurations = (
				884C8DBE1CE66E2600448E70 /* Debug */,
				884C8DBF1CE66E2600448E70 /* Release */,
			);
			defaultConfigurationIsVisible = 0;
			defaultConfigurationName = Release;
		};
/* End XCConfigurationList section */
	};
	rootObject = 884C8D851CE66E2500448E70 /* Project object */;
}
